
Microsoft Visual Studio Solution File, Format Version 12.00
# Visual Studio 15
VisualStudioVersion = 15.0.28307.168
MinimumVisualStudioVersion = 10.0.40219.1
Project("{8BC9CEB8-8B4A-11D0-8D11-00A0C91BC942}") = "WaterThermodynamicProperties.Core", "WaterThermodynamicProperties.Core\WaterThermodynamicProperties.Core.vcxproj", "{E1CB8A93-8903-4344-AB04-17D74CF89025}"
EndProject
Project("{8BC9CEB8-8B4A-11D0-8D11-00A0C91BC942}") = "WaterThermodynamicProperties.UnitTests", "WaterThermodynamicProperties.UnitTests\WaterThermodynamicProperties.UnitTests.vcxproj", "{86808BCB-233C-47E3-A172-ADB23E2BC01D}"
EndProject
Global
	GlobalSection(SolutionConfigurationPlatforms) = preSolution
		Debug|x64 = Debug|x64
		Debug|x86 = Debug|x86
		Release|x64 = Release|x64
		Release|x86 = Release|x86
	EndGlobalSection
	GlobalSection(ProjectConfigurationPlatforms) = postSolution
		{E1CB8A93-8903-4344-AB04-17D74CF89025}.Debug|x64.ActiveCfg = Debug|x64
		{E1CB8A93-8903-4344-AB04-17D74CF89025}.Debug|x64.Build.0 = Debug|x64
		{E1CB8A93-8903-4344-AB04-17D74CF89025}.Debug|x86.ActiveCfg = Debug|Win32
		{E1CB8A93-8903-4344-AB04-17D74CF89025}.Debug|x86.Build.0 = Debug|Win32
		{E1CB8A93-8903-4344-AB04-17D74CF89025}.Release|x64.ActiveCfg = Release|x64
		{E1CB8A93-8903-4344-AB04-17D74CF89025}.Release|x64.Build.0 = Release|x64
		{E1CB8A93-8903-4344-AB04-17D74CF89025}.Release|x86.ActiveCfg = Release|Win32
		{E1CB8A93-8903-4344-AB04-17D74CF89025}.Release|x86.Build.0 = Release|Win32
		{86808BCB-233C-47E3-A172-ADB23E2BC01D}.Debug|x64.ActiveCfg = Debug|x64
		{86808BCB-233C-47E3-A172-ADB23E2BC01D}.Debug|x64.Build.0 = Debug|x64
		{86808BCB-233C-47E3-A172-ADB23E2BC01D}.Debug|x86.ActiveCfg = Debug|Win32
		{86808BCB-233C-47E3-A172-ADB23E2BC01D}.Debug|x86.Build.0 = Debug|Win32
		{86808BCB-233C-47E3-A172-ADB23E2BC01D}.Release|x64.ActiveCfg = Release|x64
		{86808BCB-233C-47E3-A172-ADB23E2BC01D}.Release|x64.Build.0 = Release|x64
		{86808BCB-233C-47E3-A172-ADB23E2BC01D}.Release|x86.ActiveCfg = Release|Win32
		{86808BCB-233C-47E3-A172-ADB23E2BC01D}.Release|x86.Build.0 = Release|Win32
	EndGlobalSection
	GlobalSection(SolutionProperties) = preSolution
		HideSolutionNode = FALSE
	EndGlobalSection
	GlobalSection(ExtensibilityGlobals) = postSolution
		SolutionGuid = {2CF05EEA-F383-4300-8CFE-DE5F2524F2DD}
	EndGlobalSection
EndGlobal
